
Microsoft Visual Studio Solution File, Format Version 12.00
# Visual Studio Version 17
VisualStudioVersion = 17.9.34714.143
MinimumVisualStudioVersion = 10.0.40219.1
Project("{FAE04EC0-301F-11D3-BF4B-00C04F79EFBC}") = "AmIBattlEyeBanned", "AmIBattlEyeBanned.csproj", "{1FBEBC58-2EEC-4DAE-95EA-9A01E950D968}"
EndProject
Global
	GlobalSection(SolutionConfigurationPlatforms) = preSolution
		Debug|Any CPU = Debug|Any CPU
		Release|Any CPU = Release|Any CPU
	EndGlobalSection
	GlobalSection(ProjectConfigurationPlatforms) = postSolution
		{1FBEBC58-2EEC-4DAE-95EA-9A01E950D968}.Debug|Any CPU.ActiveCfg = Debug|Any CPU
		{1FBEBC58-2EEC-4DAE-95EA-9A01E950D968}.Debug|Any CPU.Build.0 = Debug|Any CPU
		{1FBEBC58-2EEC-4DAE-95EA-9A01E950D968}.Release|Any CPU.ActiveCfg = Release|Any CPU
		{1FBEBC58-2EEC-4DAE-95EA-9A01E950D968}.Release|Any CPU.Build.0 = Release|Any CPU
	EndGlobalSection
	GlobalSection(SolutionProperties) = preSolution
		HideSolutionNode = FALSE
	EndGlobalSection
	GlobalSection(ExtensibilityGlobals) = postSolution
		SolutionGuid = {FE77B392-B3E5-41DD-B3AD-C6D9D2457F61}
	EndGlobalSection
EndGlobal
